{
  "name": "node",
  "version": "1.0.0",
  "lockfileVersion": 1,
  "requires": true,
  "dependencies": {
    "cross-env": {
      "version": "6.0.3",
      "resolved": "http://r.npm.sankuai.com/cross-env/download/cross-env-6.0.3.tgz",
      "integrity": "sha1-Qla3HkmzpAY3oM5wdopu9ccq6UE=",
      "dev": true,
      "requires": {
        "cross-spawn": "^7.0.0"
      }
    },
    "cross-spawn": {
      "version": "7.0.1",
      "resolved": "http://r.npm.sankuai.com/cross-spawn/download/cross-spawn-7.0.1.tgz",
      "integrity": "sha1-CrVihuD3wk4VPQTMKqAn5DqaXRQ=",
      "dev": true,
      "requires": {
        "path-key": "^3.1.0",
        "shebang-command": "^2.0.0",
        "which": "^2.0.1"
      }
    },
    "isexe": {
      "version": "2.0.0",
      "resolved": "http://r.npm.sankuai.com/isexe/download/isexe-2.0.0.tgz",
      "integrity": "sha1-6PvzdNxVb/iUehDcsFctYz8s+hA=",
      "dev": true
    },
    "path-key": {
      "version": "3.1.0",
      "resolved": "http://r.npm.sankuai.com/path-key/download/path-key-3.1.0.tgz",
      "integrity": "sha1-maENhwqAO91e5vBHDljfzS+aVNM=",
      "dev": true
    },
    "shebang-command": {
      "version": "2.0.0",
      "resolved": "http://r.npm.sankuai.com/shebang-command/download/shebang-command-2.0.0.tgz",
      "integrity": "sha1-zNCvT4g1+9wmW4JGGq8MNmY/NOo=",
      "dev": true,
      "requires": {
        "shebang-regex": "^3.0.0"
      }
    },
    "shebang-regex": {
      "version": "3.0.0",
      "resolved": "http://r.npm.sankuai.com/shebang-regex/download/shebang-regex-3.0.0.tgz",
      "integrity": "sha1-rhbxZE2HPsrYQ7AwexQzYtTEIXI=",
      "dev": true
    },
    "which": {
      "version": "2.0.1",
      "resolved": "http://r.npm.sankuai.com/which/download/which-2.0.1.tgz",
      "integrity": "sha1-8c+U0HqOVxtv8AauuR0DAMR+8KQ=",
      "dev": true,
      "requires": {
        "isexe": "^2.0.0"
      }
    }
  }
}
